
Microsoft Visual Studio Solution File, Format Version 12.00
# Visual Studio Version 16
VisualStudioVersion = 25.0.1706.0
MinimumVisualStudioVersion = 10.0.40219.1
Project("{FAE04EC0-301F-11D3-BF4B-00C04F79EFBC}") = "ProxyDesignPattern", "ProxyDesignPattern\ProxyDesignPattern.csproj", "{A8A3D717-8FD8-4600-BAAA-56D84D2F10E1}"
EndProject
Global
	GlobalSection(SolutionConfigurationPlatforms) = preSolution
		Debug|Any CPU = Debug|Any CPU
		Release|Any CPU = Release|Any CPU
	EndGlobalSection
	GlobalSection(ProjectConfigurationPlatforms) = postSolution
		{A8A3D717-8FD8-4600-BAAA-56D84D2F10E1}.Debug|Any CPU.ActiveCfg = Debug|Any CPU
		{A8A3D717-8FD8-4600-BAAA-56D84D2F10E1}.Debug|Any CPU.Build.0 = Debug|Any CPU
		{A8A3D717-8FD8-4600-BAAA-56D84D2F10E1}.Release|Any CPU.ActiveCfg = Release|Any CPU
		{A8A3D717-8FD8-4600-BAAA-56D84D2F10E1}.Release|Any CPU.Build.0 = Release|Any CPU
	EndGlobalSection
	GlobalSection(SolutionProperties) = preSolution
		HideSolutionNode = FALSE
	EndGlobalSection
	GlobalSection(ExtensibilityGlobals) = postSolution
		SolutionGuid = {61885643-A5B3-4DBC-A852-E45084E96F58}
	EndGlobalSection
EndGlobal
